{
  "version": "5",
  "specifiers": {
    "npm:@aws-sdk/client-s3@3.1085.0": "3.1085.0",
    "npm:@aws-sdk/s3-request-presigner@3.1085.0": "3.1085.0",
    "npm:@supabase/supabase-js@2.110.2": "2.110.2"
  },
  "npm": {
    "@aws-sdk/checksums@3.1000.16": {
      "integrity": "sha512-EKnvkXSmz3IpA99tCNuI+dLFXyZyClSm8zns9sB/elvkU+MTuomAs6toJMPMBf98/fICG/urXDkzGz0/c3yyAQ==",
      "dependencies": [
        "@aws-sdk/core",
        "@aws-sdk/types",
        "@smithy/core",
        "@smithy/types",
        "tslib"
      ]
    },
    "@aws-sdk/client-s3@3.1085.0": {
      "integrity": "sha512-O0xe8sR50AYkwxlvRRsV0qytEO2dtXQTQ1CF3YBBdE5xtVkbu27H0vGa1mjQi1/+fbYM80AWEIPai5jZmXyubw==",
      "dependencies": [
        "@aws-sdk/checksums",
        "@aws-sdk/core",
        "@aws-sdk/credential-provider-node",
        "@aws-sdk/middleware-sdk-s3",
        "@aws-sdk/signature-v4-multi-region",
        "@aws-sdk/types",
        "@smithy/core",
        "@smithy/fetch-http-handler",
        "@smithy/node-http-handler",
        "@smithy/types",
        "tslib"
      ]
    },
    "@aws-sdk/core@3.975.1": {
      "integrity": "sha512-8qh/6EYb7hl/ZwVfQufhbMEZs1gQIc7GbdrIf4eprQJ7cv042+74nE6l3YDfyWNzb9iPXb8fRyYSHkNIk5eE6Q==",
      "dependencies": [
        "@aws-sdk/types",
        "@aws-sdk/xml-builder",
        "@aws/lambda-invoke-store",
        "@smithy/core",
        "@smithy/signature-v4",
        "@smithy/types",
        "bowser",
        "tslib"
      ]
    },
    "@aws-sdk/credential-provider-env@3.972.57": {
      "integrity": "sha512-1RfJaF7SW1TOnvNGU7kaYjwUf5H3sfm+synGH1bHhRlqcnxCt3szebH3dmKEyY4tuGcbQ6ffzUT89cRitBV8OQ==",
      "dependencies": [
        "@aws-sdk/core",
        "@aws-sdk/types",
        "@smithy/core",
        "@smithy/types",
        "tslib"
      ]
    },
    "@aws-sdk/credential-provider-http@3.972.59": {
      "integrity": "sha512-sRCkpTiFnCdQvuaRVjQ6SVoHu6i7RUpurVo1c4F81HWhPvUJ7Wdp5MNtSdX1O29CNXc8em3O5m52hCjVtAD9SA==",
      "dependencies": [
        "@aws-sdk/core",
        "@aws-sdk/types",
        "@smithy/core",
        "@smithy/fetch-http-handler",
        "@smithy/node-http-handler",
        "@smithy/types",
        "tslib"
      ]
    },
    "@aws-sdk/credential-provider-ini@3.973.1": {
      "integrity": "sha512-6d8H6ZAh3ZPKZ6fe1nG2OWeZEZPtt9ravoD1dezPdPtsSkJRoxGAnFSHwKT3E/Te6fHE30zRzjV6TD12rvF6yQ==",
      "dependencies": [
        "@aws-sdk/core",
        "@aws-sdk/credential-provider-env",
        "@aws-sdk/credential-provider-http",
        "@aws-sdk/credential-provider-login",
        "@aws-sdk/credential-provider-process",
        "@aws-sdk/credential-provider-sso",
        "@aws-sdk/credential-provider-web-identity",
        "@aws-sdk/nested-clients",
        "@aws-sdk/types",
        "@smithy/core",
        "@smithy/credential-provider-imds",
        "@smithy/types",
        "tslib"
      ]
    },
    "@aws-sdk/credential-provider-login@3.972.63": {
      "integrity": "sha512-GREWRrMj0XnNKMaVa/Mauoaui26qBEHu71WWqXbwZOu/jFQOnPZjTf7u0KtGKC8VGa6VUs9kDWGgocrKNLS9vw==",
      "dependencies": [
        "@aws-sdk/core",
        "@aws-sdk/nested-clients",
        "@aws-sdk/types",
        "@smithy/core",
        "@smithy/types",
        "tslib"
      ]
    },
    "@aws-sdk/credential-provider-node@3.972.66": {
      "integrity": "sha512-f+qjRXZpz7sgzbc4QB+6nLKfyKFgRRXzWdXbsKPv/VhVRyHsDyq4yBWC/B75BAJpFIcUeI2XR/3gdWJ677zB4A==",
      "dependencies": [
        "@aws-sdk/credential-provider-env",
        "@aws-sdk/credential-provider-http",
        "@aws-sdk/credential-provider-ini",
        "@aws-sdk/credential-provider-process",
        "@aws-sdk/credential-provider-sso",
        "@aws-sdk/credential-provider-web-identity",
        "@aws-sdk/types",
        "@smithy/core",
        "@smithy/credential-provider-imds",
        "@smithy/types",
        "tslib"
      ]
    },
    "@aws-sdk/credential-provider-process@3.972.57": {
      "integrity": "sha512-TiVQhuU0pbhIZAUZacbPHMyzrIdiH+lnx+PMY/Pu/b93dJrq3wdZwzUJ0TPpvNxaqbHsxJvQZW3/h/beLiKq7Q==",
      "dependencies": [
        "@aws-sdk/core",
        "@aws-sdk/types",
        "@smithy/core",
        "@smithy/types",
        "tslib"
      ]
    },
    "@aws-sdk/credential-provider-sso@3.973.1": {
      "integrity": "sha512-3foTZUJ4821Ij60X7K3NJroygiZLnbBmarN+T//O2cjkISan90zElN3NBmgSlDrTQ7Gs6z/yO8V7h60QNcDZHQ==",
      "dependencies": [
        "@aws-sdk/core",
        "@aws-sdk/nested-clients",
        "@aws-sdk/token-providers",
        "@aws-sdk/types",
        "@smithy/core",
        "@smithy/types",
        "tslib"
      ]
    },
    "@aws-sdk/credential-provider-web-identity@3.972.63": {
      "integrity": "sha512-8qZLFhM69eKcS37m459ctPR05Qimycm/74OPVioe6wNZabMT54GYhwBju0+J656RkMasNSawWQu+c8CmBe3TUQ==",
      "dependencies": [
        "@aws-sdk/core",
        "@aws-sdk/nested-clients",
        "@aws-sdk/types",
        "@smithy/core",
        "@smithy/types",
        "tslib"
      ]
    },
    "@aws-sdk/middleware-sdk-s3@3.972.62": {
      "integrity": "sha512-k8JJwYXVYlOOjWnPZDThQS1xDFJgi5Dokt73qFlDtrZAbdcint5aIdjB9XgJAAQVP5OoqcefQmh1FYXiPpvsvw==",
      "dependencies": [
        "@aws-sdk/core",
        "@aws-sdk/signature-v4-multi-region",
        "@aws-sdk/types",
        "@smithy/core",
        "@smithy/types",
        "tslib"
      ]
    },
    "@aws-sdk/nested-clients@3.997.31": {
      "integrity": "sha512-BDHTpwcsZHEBNEJzOg/B1BkFYJxAXY50dau/NyVWs3d51F0WgIUGSWZot/Os+N3KpDhXeaXnz37mWffAvduREw==",
      "dependencies": [
        "@aws-sdk/core",
        "@aws-sdk/signature-v4-multi-region",
        "@aws-sdk/types",
        "@smithy/core",
        "@smithy/fetch-http-handler",
        "@smithy/node-http-handler",
        "@smithy/types",
        "tslib"
      ]
    },
    "@aws-sdk/s3-request-presigner@3.1085.0": {
      "integrity": "sha512-h8fv0zGAHPCjCpmAYdCeFE6trxXxLRxza0NRIajMZdnFgugtcIWcRAdAtc7rHvRTaXsej/I5YWXbq9SgKuCKow==",
      "dependencies": [
        "@aws-sdk/core",
        "@aws-sdk/signature-v4-multi-region",
        "@aws-sdk/types",
        "@smithy/core",
        "@smithy/types",
        "tslib"
      ]
    },
    "@aws-sdk/signature-v4-multi-region@3.996.39": {
      "integrity": "sha512-8+srXqYIF8KYMLC4FxMLEM5Ek7kUNibJu1R4m8/fUhhNYIZZz26oGtKkCr8I/HiG2fFQxBvaGgQZT4/mqRCSnA==",
      "dependencies": [
        "@aws-sdk/types",
        "@smithy/signature-v4",
        "@smithy/types",
        "tslib"
      ]
    },
    "@aws-sdk/token-providers@3.1083.0": {
      "integrity": "sha512-s0woKnxuHrExLc5L2ArIH5BMkbonHPtt+5hSBM8oknp9M6QTuUmmAmJ2E0EdzCGONrO+8+ADPqvv6UX0nNcc7A==",
      "dependencies": [
        "@aws-sdk/core",
        "@aws-sdk/nested-clients",
        "@aws-sdk/types",
        "@smithy/core",
        "@smithy/types",
        "tslib"
      ]
    },
    "@aws-sdk/types@3.974.0": {
      "integrity": "sha512-QIBrw90CDm4O0UaIIzkU6DrFdeJzEb2Va5EPEVpyldj6sHJxB6cshhStJuhZxk3wR3PmjJlYsjPmY1kNb+KGBg==",
      "dependencies": [
        "@smithy/types",
        "tslib"
      ]
    },
    "@aws-sdk/xml-builder@3.972.34": {
      "integrity": "sha512-wHhWL1y7sN3enBA8POrPpQM5jCcmu2ozyhbRei4c8OjVcEaEs6yLucLa/pla457ggS/ysuy7bosagz3HaJkZXA==",
      "dependencies": [
        "@smithy/types",
        "tslib"
      ]
    },
    "@aws/lambda-invoke-store@0.3.0": {
      "integrity": "sha512-sl4Bm6yiMNYrZKkqqDFWN0UfnWhlS8ivKxrYl+6t0gCLrqr8y3B2IqZZbFRkfaVVp7C/baApyh71P+LeE1A2sQ=="
    },
    "@smithy/core@3.29.3": {
      "integrity": "sha512-L+Ys6ecjk5vwPMAKHBpPKlJ3DkqwNcnfEISXBZIsVvWG/XKXfsAP8mwIYlTeLcd2ElHdesPI8OuOmJSFAPhm6A==",
      "dependencies": [
        "@smithy/types",
        "tslib"
      ]
    },
    "@smithy/credential-provider-imds@4.4.8": {
      "integrity": "sha512-q9J7JTiXrAhB8sDp4px97uEPT7CwKH61Co78grdNQvU8QZAdiuaSRhP0tUVf2ogy36RZTrlMU1rBmDEH+cnkiA==",
      "dependencies": [
        "@smithy/core",
        "@smithy/types",
        "tslib"
      ]
    },
    "@smithy/fetch-http-handler@5.6.5": {
      "integrity": "sha512-SuqeisTyPoiIPtIYru/sGxGyXzmZ+8nnFOhC+qRPglt06Ebd1yH//CDltZB2J/3WBNVhwfUaZ0EtHB3cm2X32g==",
      "dependencies": [
        "@smithy/core",
        "@smithy/types",
        "tslib"
      ]
    },
    "@smithy/node-http-handler@4.9.5": {
      "integrity": "sha512-bNqdxTQTxmLbomSmlkZFz8L6B/feQ2HHzw4L2zY7Ecp2XffYAZq2uzdWDdxJHJFbEvqd+SRuluJso0P8+xPdbw==",
      "dependencies": [
        "@smithy/core",
        "@smithy/types",
        "tslib"
      ]
    },
    "@smithy/signature-v4@5.6.4": {
      "integrity": "sha512-B89bpf2t/y/wia6LZ+4JfHXYQT9PnVftsH05rgJKKIStS7r/4XSs9HOjtPoLtgcA6HCW9jVqX5DBbq7E0PAkiQ==",
      "dependencies": [
        "@smithy/core",
        "@smithy/types",
        "tslib"
      ]
    },
    "@smithy/types@4.16.1": {
      "integrity": "sha512-0JFs3V2y2M9tKW5na/qxe69Zv+uxLMO7QBbhxF/FHu/Gp2NFZAAL9tWl9PU02xxo07pb3G9FTyjNc6D5uZrJIg==",
      "dependencies": [
        "tslib"
      ]
    },
    "@supabase/auth-js@2.110.2": {
      "integrity": "sha512-Qj7a6EDP+AMMQFWqGv+qFa8r6re//dk+qQI5bA0KK+PZmnI3JPu97TDeNt6SMiQ2FkklP79hP2yDFYSnA989OA==",
      "dependencies": [
        "tslib"
      ]
    },
    "@supabase/functions-js@2.110.2": {
      "integrity": "sha512-ZjjqrXpxM9/rE+eAtZxiK45EWy9EBoJQ322Q5Y75LccYQNh212neHTgXP/o4MIzmH0LNXT8UzvTZtQOfOzyoeQ==",
      "dependencies": [
        "tslib"
      ]
    },
    "@supabase/phoenix@0.4.4": {
      "integrity": "sha512-Gt0pqoXuIqX/8dvG0OKp/wMCobXNH3klNbUPBNyOfN0YA1IswrM3HyWFMOPk1Jy+BRaIyDPcFx4jLBwHNmlyfQ=="
    },
    "@supabase/postgrest-js@2.110.2": {
      "integrity": "sha512-++LBmcIMwCtgO4tISQUmo9+2xkRwHQqS8ZKMCnhXLe9P8k8YQRXuMoh/RiSzQSoev8gqet0W7yOboW0cUxnt0Q==",
      "dependencies": [
        "tslib"
      ]
    },
    "@supabase/realtime-js@2.110.2": {
      "integrity": "sha512-z3jTOTPgyn6E3r6dVOOQ10He4yAMB2czjFw7xVdX3s16MHElna5rY1gVaePs0NIo6xvtMYbtmOXlFaFt/ePLpg==",
      "dependencies": [
        "@supabase/phoenix",
        "tslib"
      ]
    },
    "@supabase/storage-js@2.110.2": {
      "integrity": "sha512-EhsRSwSnmQefKJsAxoRUZ0hvHr92ECM8DDGAKR5z0HdoJx4heI60PjHUTruVNZxKX6XeobLGDyLud020Bw1iwg==",
      "dependencies": [
        "iceberg-js",
        "tslib"
      ]
    },
    "@supabase/supabase-js@2.110.2": {
      "integrity": "sha512-r9q9w4ZQ6mOjh36aqUNFSisBF611vzpO8JphBESr2Q1SWvmGFQeI7Jq7Y+PaNMZ6Zszz+S2yTlJStCpnaMSnQg==",
      "dependencies": [
        "@supabase/auth-js",
        "@supabase/functions-js",
        "@supabase/postgrest-js",
        "@supabase/realtime-js",
        "@supabase/storage-js"
      ]
    },
    "bowser@2.14.1": {
      "integrity": "sha512-tzPjzCxygAKWFOJP011oxFHs57HzIhOEracIgAePE4pqB3LikALKnSzUyU4MGs9/iCEUuHlAJTjTc5M+u7YEGg=="
    },
    "iceberg-js@0.8.1": {
      "integrity": "sha512-1dhVQZXhcHje7798IVM+xoo/1ZdVfzOMIc8/rgVSijRK38EDqOJoGula9N/8ZI5RD8QTxNQtK/Gozpr+qUqRRA=="
    },
    "tslib@2.8.1": {
      "integrity": "sha512-oJFu94HQb+KVduSUQL7wnpmqnfmLsOA/nAh6b6EH0wCEoK0/mPeXU6c3wKDV83MkOuHPRHtSXKKU99IBazS/2w=="
    }
  },
  "workspace": {
    "dependencies": [
      "npm:@aws-sdk/client-s3@3.1085.0",
      "npm:@aws-sdk/s3-request-presigner@3.1085.0",
      "npm:@supabase/supabase-js@2.110.2"
    ]
  }
}
